
Microsoft Visual Studio Solution File, Format Version 12.00
# Visual Studio Version 17
VisualStudioVersion = 17.5.33516.290
MinimumVisualStudioVersion = 10.0.40219.1
Project("{FAE04EC0-301F-11D3-BF4B-00C04F79EFBC}") = "wp01_startapp", "wp01_startapp\wp01_startapp.csproj", "{D996F612-24B8-4ABD-8D20-C8FE8CF300C0}"
EndProject
Project("{FAE04EC0-301F-11D3-BF4B-00C04F79EFBC}") = "wp02_simplecontrol", "wp02_simplecontrol\wp02_simplecontrol.csproj", "{75F48C9D-13FC-4B28-B91D-1CAF682845A6}"
EndProject
Global
	GlobalSection(SolutionConfigurationPlatforms) = preSolution
		Debug|Any CPU = Debug|Any CPU
		Release|Any CPU = Release|Any CPU
	EndGlobalSection
	GlobalSection(ProjectConfigurationPlatforms) = postSolution
		{D996F612-24B8-4ABD-8D20-C8FE8CF300C0}.Debug|Any CPU.ActiveCfg = Debug|Any CPU
		{D996F612-24B8-4ABD-8D20-C8FE8CF300C0}.Debug|Any CPU.Build.0 = Debug|Any CPU
		{D996F612-24B8-4ABD-8D20-C8FE8CF300C0}.Release|Any CPU.ActiveCfg = Release|Any CPU
		{D996F612-24B8-4ABD-8D20-C8FE8CF300C0}.Release|Any CPU.Build.0 = Release|Any CPU
		{75F48C9D-13FC-4B28-B91D-1CAF682845A6}.Debug|Any CPU.ActiveCfg = Debug|Any CPU
		{75F48C9D-13FC-4B28-B91D-1CAF682845A6}.Debug|Any CPU.Build.0 = Debug|Any CPU
		{75F48C9D-13FC-4B28-B91D-1CAF682845A6}.Release|Any CPU.ActiveCfg = Release|Any CPU
		{75F48C9D-13FC-4B28-B91D-1CAF682845A6}.Release|Any CPU.Build.0 = Release|Any CPU
	EndGlobalSection
	GlobalSection(SolutionProperties) = preSolution
		HideSolutionNode = FALSE
	EndGlobalSection
	GlobalSection(ExtensibilityGlobals) = postSolution
		SolutionGuid = {A138A502-2959-4254-8981-39BC9DBB9331}
	EndGlobalSection
EndGlobal
